
Microsoft Visual Studio Solution File, Format Version 12.00
# Visual Studio Version 17
VisualStudioVersion = 17.0.31903.59
MinimumVisualStudioVersion = 10.0.40219.1
Project("{2150E333-8FDC-42A3-9474-1A3956D46DE8}") = "src", "src", "{827E0CD3-B72D-47B6-A68D-7590B98EB39B}"
EndProject
Project("{FAE04EC0-301F-11D3-BF4B-00C04F79EFBC}") = "Chirp.CLI.Client", "src\Chirp.CLI.Client\Chirp.CLI.Client.csproj", "{28D328E1-9DB7-4821-A3FC-1C01347A3F79}"
EndProject
Project("{2150E333-8FDC-42A3-9474-1A3956D46DE8}") = "test", "test", "{0C88DD14-F956-CE84-757C-A364CCF449FC}"
EndProject
Project("{FAE04EC0-301F-11D3-BF4B-00C04F79EFBC}") = "Chirp.CLI.Client.Tests", "test\Chirp.CLI.Client.Tests\Chirp.CLI.Client.Tests.csproj", "{DF48A31E-9F17-49F4-A50C-22135ED33C36}"
EndProject
Project("{FAE04EC0-301F-11D3-BF4B-00C04F79EFBC}") = "Chirp.CSVDB.Tests", "test\Chirp.CSVDB.Tests\Chirp.CSVDB.Tests.csproj", "{45DE0E2A-7A53-4EBE-8D91-7926C3FB4075}"
EndProject
Global
	GlobalSection(SolutionConfigurationPlatforms) = preSolution
		Debug|Any CPU = Debug|Any CPU
		Debug|x64 = Debug|x64
		Debug|x86 = Debug|x86
		Release|Any CPU = Release|Any CPU
		Release|x64 = Release|x64
		Release|x86 = Release|x86
	EndGlobalSection
	GlobalSection(ProjectConfigurationPlatforms) = postSolution
		{28D328E1-9DB7-4821-A3FC-1C01347A3F79}.Debug|Any CPU.ActiveCfg = Debug|Any CPU
		{28D328E1-9DB7-4821-A3FC-1C01347A3F79}.Debug|Any CPU.Build.0 = Debug|Any CPU
		{28D328E1-9DB7-4821-A3FC-1C01347A3F79}.Debug|x64.ActiveCfg = Debug|Any CPU
		{28D328E1-9DB7-4821-A3FC-1C01347A3F79}.Debug|x64.Build.0 = Debug|Any CPU
		{28D328E1-9DB7-4821-A3FC-1C01347A3F79}.Debug|x86.ActiveCfg = Debug|Any CPU
		{28D328E1-9DB7-4821-A3FC-1C01347A3F79}.Debug|x86.Build.0 = Debug|Any CPU
		{28D328E1-9DB7-4821-A3FC-1C01347A3F79}.Release|Any CPU.ActiveCfg = Release|Any CPU
		{28D328E1-9DB7-4821-A3FC-1C01347A3F79}.Release|Any CPU.Build.0 = Release|Any CPU
		{28D328E1-9DB7-4821-A3FC-1C01347A3F79}.Release|x64.ActiveCfg = Release|Any CPU
		{28D328E1-9DB7-4821-A3FC-1C01347A3F79}.Release|x64.Build.0 = Release|Any CPU
		{28D328E1-9DB7-4821-A3FC-1C01347A3F79}.Release|x86.ActiveCfg = Release|Any CPU
		{28D328E1-9DB7-4821-A3FC-1C01347A3F79}.Release|x86.Build.0 = Release|Any CPU
		{DF48A31E-9F17-49F4-A50C-22135ED33C36}.Debug|Any CPU.ActiveCfg = Debug|Any CPU
		{DF48A31E-9F17-49F4-A50C-22135ED33C36}.Debug|Any CPU.Build.0 = Debug|Any CPU
		{DF48A31E-9F17-49F4-A50C-22135ED33C36}.Debug|x64.ActiveCfg = Debug|Any CPU
		{DF48A31E-9F17-49F4-A50C-22135ED33C36}.Debug|x64.Build.0 = Debug|Any CPU
		{DF48A31E-9F17-49F4-A50C-22135ED33C36}.Debug|x86.ActiveCfg = Debug|Any CPU
		{DF48A31E-9F17-49F4-A50C-22135ED33C36}.Debug|x86.Build.0 = Debug|Any CPU
		{DF48A31E-9F17-49F4-A50C-22135ED33C36}.Release|Any CPU.ActiveCfg = Release|Any CPU
		{DF48A31E-9F17-49F4-A50C-22135ED33C36}.Release|Any CPU.Build.0 = Release|Any CPU
		{DF48A31E-9F17-49F4-A50C-22135ED33C36}.Release|x64.ActiveCfg = Release|Any CPU
		{DF48A31E-9F17-49F4-A50C-22135ED33C36}.Release|x64.Build.0 = Release|Any CPU
		{DF48A31E-9F17-49F4-A50C-22135ED33C36}.Release|x86.ActiveCfg = Release|Any CPU
		{DF48A31E-9F17-49F4-A50C-22135ED33C36}.Release|x86.Build.0 = Release|Any CPU
		{45DE0E2A-7A53-4EBE-8D91-7926C3FB4075}.Debug|Any CPU.ActiveCfg = Debug|Any CPU
		{45DE0E2A-7A53-4EBE-8D91-7926C3FB4075}.Debug|Any CPU.Build.0 = Debug|Any CPU
		{45DE0E2A-7A53-4EBE-8D91-7926C3FB4075}.Debug|x64.ActiveCfg = Debug|Any CPU
		{45DE0E2A-7A53-4EBE-8D91-7926C3FB4075}.Debug|x64.Build.0 = Debug|Any CPU
		{45DE0E2A-7A53-4EBE-8D91-7926C3FB4075}.Debug|x86.ActiveCfg = Debug|Any CPU
		{45DE0E2A-7A53-4EBE-8D91-7926C3FB4075}.Debug|x86.Build.0 = Debug|Any CPU
		{45DE0E2A-7A53-4EBE-8D91-7926C3FB4075}.Release|Any CPU.ActiveCfg = Release|Any CPU
		{45DE0E2A-7A53-4EBE-8D91-7926C3FB4075}.Release|Any CPU.Build.0 = Release|Any CPU
		{45DE0E2A-7A53-4EBE-8D91-7926C3FB4075}.Release|x64.ActiveCfg = Release|Any CPU
		{45DE0E2A-7A53-4EBE-8D91-7926C3FB4075}.Release|x64.Build.0 = Release|Any CPU
		{45DE0E2A-7A53-4EBE-8D91-7926C3FB4075}.Release|x86.ActiveCfg = Release|Any CPU
		{45DE0E2A-7A53-4EBE-8D91-7926C3FB4075}.Release|x86.Build.0 = Release|Any CPU
	EndGlobalSection
	GlobalSection(SolutionProperties) = preSolution
		HideSolutionNode = FALSE
	EndGlobalSection
	GlobalSection(NestedProjects) = preSolution
		{28D328E1-9DB7-4821-A3FC-1C01347A3F79} = {827E0CD3-B72D-47B6-A68D-7590B98EB39B}
		{DF48A31E-9F17-49F4-A50C-22135ED33C36} = {0C88DD14-F956-CE84-757C-A364CCF449FC}
		{45DE0E2A-7A53-4EBE-8D91-7926C3FB4075} = {0C88DD14-F956-CE84-757C-A364CCF449FC}
	EndGlobalSection
EndGlobal
